
Microsoft Visual Studio Solution File, Format Version 12.00
# Visual Studio Version 16
VisualStudioVersion = 16.0.31321.278
MinimumVisualStudioVersion = 10.0.40219.1
Project("{9A19103F-16F7-4668-BE54-9A1E7A4F7556}") = "BankSystem", "BankSystem\BankSystem.csproj", "{BDE50606-2BC8-4A31-92D0-D547D9ED2B1D}"
EndProject
Project("{FAE04EC0-301F-11D3-BF4B-00C04F79EFBC}") = "BankSystem.Tests", "BankSystem.Tests\BankSystem.Tests.csproj", "{330E8B4B-412F-40E9-861A-FAD535E5CE49}"
EndProject
Global
	GlobalSection(SolutionConfigurationPlatforms) = preSolution
		Debug|Any CPU = Debug|Any CPU
		Release|Any CPU = Release|Any CPU
	EndGlobalSection
	GlobalSection(ProjectConfigurationPlatforms) = postSolution
		{BDE50606-2BC8-4A31-92D0-D547D9ED2B1D}.Debug|Any CPU.ActiveCfg = Debug|Any CPU
		{BDE50606-2BC8-4A31-92D0-D547D9ED2B1D}.Debug|Any CPU.Build.0 = Debug|Any CPU
		{BDE50606-2BC8-4A31-92D0-D547D9ED2B1D}.Release|Any CPU.ActiveCfg = Release|Any CPU
		{BDE50606-2BC8-4A31-92D0-D547D9ED2B1D}.Release|Any CPU.Build.0 = Release|Any CPU
		{330E8B4B-412F-40E9-861A-FAD535E5CE49}.Debug|Any CPU.ActiveCfg = Debug|Any CPU
		{330E8B4B-412F-40E9-861A-FAD535E5CE49}.Debug|Any CPU.Build.0 = Debug|Any CPU
		{330E8B4B-412F-40E9-861A-FAD535E5CE49}.Release|Any CPU.ActiveCfg = Release|Any CPU
		{330E8B4B-412F-40E9-861A-FAD535E5CE49}.Release|Any CPU.Build.0 = Release|Any CPU
	EndGlobalSection
	GlobalSection(SolutionProperties) = preSolution
		HideSolutionNode = FALSE
	EndGlobalSection
	GlobalSection(ExtensibilityGlobals) = postSolution
		SolutionGuid = {8A04998E-6FC2-4CB1-BD93-C06F0962BC21}
	EndGlobalSection
EndGlobal
